// !$*UTF8*$!
{
	archiveVersion = 1;
	classes = {
	};
	objectVersion = 46;
	objects = {

/* Begin PBXBuildFile section */
		804DC0A41EB33745005141D8 /* AppDelegate.swift in Sources */ = {isa = PBXBuildFile; fileRef = 804DC0A31EB33745005141D8 /* AppDelegate.swift */; };
		804DC0A61EB33745005141D8 /* ViewController.swift in Sources */ = {isa = PBXBuildFile; fileRef = 804DC0A51EB33745005141D8 /* ViewController.swift */; };
		804DC0A91EB33745005141D8 /* Main.storyboard in Resources */ = {isa = PBXBuildFile; fileRef = 804DC0A71EB33745005141D8 /* Main.storyboard */; };
		804DC0AB1EB33745005141D8 /* Assets.xcassets in Resources */ = {isa = PBXBuildFile; fileRef = 804DC0AA1EB33745005141D8 /* Assets.xcassets */; };
		804DC0AE1EB33745005141D8 /* LaunchScreen.storyboard in Resources */ = {isa = PBXBuildFile; fileRef = 804DC0AC1EB33745005141D8 /* LaunchScreen.storyboard */; };
		804DC0B91EB33745005141D8 /* PokePixelTests.swift in Sources */ = {isa = PBXBuildFile; fileRef = 804DC0B81EB33745005141D8 /* PokePixelTests.swift */; };
		804DC0C41EB33745005141D8 /* PokePixelUITests.swift in Sources */ = {isa = PBXBuildFile; fileRef = 804DC0C31EB33745005141D8 /* PokePixelUITests.swift */; };
/* End PBXBuildFile section */

/* Begin PBXContainerItemProxy section */
		804DC0B51EB33745005141D8 /* PBXContainerItemProxy */ = {
			isa = PBXContainerItemProxy;
			containerPortal = 804DC0981EB33745005141D8 /* Project object */;
			proxyType = 1;
			remoteGlobalIDString = 804DC09F1EB33745005141D8;
			remoteInfo = PokePixel;
		};
		804DC0C01EB33745005141D8 /* PBXContainerItemProxy */ = {
			isa = PBXContainerItemProxy;
			containerPortal = 804DC0981EB33745005141D8 /* Project object */;
			proxyType = 1;
			remoteGlobalIDString = 804DC09F1EB33745005141D8;
			remoteInfo = PokePixel;
		};
/* End PBXContainerItemProxy section */

/* Begin PBXFileReference section */
		804DC0A01EB33745005141D8 /* PokePixel.app */ = {isa = PBXFileReference; explicitFileType = wrapper.application; includeInIndex = 0; path = PokePixel.app; sourceTree = BUILT_PRODUCTS_DIR; };
		804DC0A31EB33745005141D8 /* AppDelegate.swift */ = {isa = PBXFileReference; lastKnownFileType = sourcecode.swift; path = AppDelegate.swift; sourceTree = "<group>"; };
		804DC0A51EB33745005141D8 /* ViewController.swift */ = {isa = PBXFileReference; lastKnownFileType = sourcecode.swift; path = ViewController.swift; sourceTree = "<group>"; };
		804DC0A81EB33745005141D8 /* Base */ = {isa = PBXFileReference; lastKnownFileType = file.storyboard; name = Base; path = Base.lproj/Main.storyboard; sourceTree = "<group>"; };
		804DC0AA1EB33745005141D8 /* Assets.xcassets */ = {isa = PBXFileReference; lastKnownFileType = folder.assetcatalog; path = Assets.xcassets; sourceTree = "<group>"; };
		804DC0AD1EB33745005141D8 /* Base */ = {isa = PBXFileReference; lastKnownFileType = file.storyboard; name = Base; path = Base.lproj/LaunchScreen.storyboard; sourceTree = "<group>"; };
		804DC0AF1EB33745005141D8 /* Info.plist */ = {isa = PBXFileReference; lastKnownFileType = text.plist.xml; path = Info.plist; sourceTree = "<group>"; };
		804DC0B41EB33745005141D8 /* PokePixelTests.xctest */ = {isa = PBXFileReference; explicitFileType = wrapper.cfbundle; includeInIndex = 0; path = PokePixelTests.xctest; sourceTree = BUILT_PRODUCTS_DIR; };
		804DC0B81EB33745005141D8 /* PokePixelTests.swift */ = {isa = PBXFileReference; lastKnownFileType = sourcecode.swift; path = PokePixelTests.swift; sourceTree = "<group>"; };
		804DC0BA1EB33745005141D8 /* Info.plist */ = {isa = PBXFileReference; lastKnownFileType = text.plist.xml; path = Info.plist; sourceTree = "<group>"; };
		804DC0BF1EB33745005141D8 /* PokePixelUITests.xctest */ = {isa = PBXFileReference; explicitFileType = wrapper.cfbundle; includeInIndex = 0; path = PokePixelUITests.xctest; sourceTree = BUILT_PRODUCTS_DIR; };
		804DC0C31EB33745005141D8 /* PokePixelUITests.swift */ = {isa = PBXFileReference; lastKnownFileType = sourcecode.swift; path = PokePixelUITests.swift; sourceTree = "<group>"; };
		804DC0C51EB33745005141D8 /* Info.plist */ = {isa = PBXFileReference; lastKnownFileType = text.plist.xml; path = Info.plist; sourceTree = "<group>"; };
/* End PBXFileReference section */

/* Begin PBXFrameworksBuildPhase section */
		804DC09D1EB33745005141D8 /* Frameworks */ = {
			isa = PBXFrameworksBuildPhase;
			buildActionMask = 2147483647;
			files = (
			);
			runOnlyForDeploymentPostprocessing = 0;
		};
		804DC0B11EB33745005141D8 /* Frameworks */ = {
			isa = PBXFrameworksBuildPhase;
			buildActionMask = 2147483647;
			files = (
			);
			runOnlyForDeploymentPostprocessing = 0;
		};
		804DC0BC1EB33745005141D8 /* Frameworks */ = {
			isa = PBXFrameworksBuildPhase;
			buildActionMask = 2147483647;
			files = (
			);
			runOnlyForDeploymentPostprocessing = 0;
		};
/* End PBXFrameworksBuildPhase section */

/* Begin PBXGroup section */
		804DC0971EB33745005141D8 = {
			isa = PBXGroup;
			children = (
				804DC0A21EB33745005141D8 /* PokePixel */,
				804DC0B71EB33745005141D8 /* PokePixelTests */,
				804DC0C21EB33745005141D8 /* PokePixelUITests */,
				804DC0A11EB33745005141D8 /* Products */,
			);
			sourceTree = "<group>";
		};
		804DC0A11EB33745005141D8 /* Products */ = {
			isa = PBXGroup;
			children = (
				804DC0A01EB33745005141D8 /* PokePixel.app */,
				804DC0B41EB33745005141D8 /* PokePixelTests.xctest */,
				804DC0BF1EB33745005141D8 /* PokePixelUITests.xctest */,
			);
			name = Products;
			sourceTree = "<group>";
		};
		804DC0A21EB33745005141D8 /* PokePixel */ = {
			isa = PBXGroup;
			children = (
				804DC0A31EB33745005141D8 /* AppDelegate.swift */,
				804DC0A51EB33745005141D8 /* ViewController.swift */,
				804DC0A71EB33745005141D8 /* Main.storyboard */,
				804DC0AA1EB33745005141D8 /* Assets.xcassets */,
				804DC0AC1EB33745005141D8 /* LaunchScreen.storyboard */,
				804DC0AF1EB33745005141D8 /* Info.plist */,
			);
			path = PokePixel;
			sourceTree = "<group>";
		};
		804DC0B71EB33745005141D8 /* PokePixelTests */ = {
			isa = PBXGroup;
			children = (
				804DC0B81EB33745005141D8 /* PokePixelTests.swift */,
				804DC0BA1EB33745005141D8 /* Info.plist */,
			);
			path = PokePixelTests;
			sourceTree = "<group>";
		};
		804DC0C21EB33745005141D8 /* PokePixelUITests */ = {
			isa = PBXGroup;
			children = (
				804DC0C31EB33745005141D8 /* PokePixelUITests.swift */,
				804DC0C51EB33745005141D8 /* Info.plist */,
			);
			path = PokePixelUITests;
			sourceTree = "<group>";
		};
/* End PBXGroup section */

/* Begin PBXNativeTarget section */
		804DC09F1EB33745005141D8 /* PokePixel */ = {
			isa = PBXNativeTarget;
			buildConfigurationList = 804DC0C81EB33745005141D8 /* Build configuration list for PBXNativeTarget "PokePixel" */;
			buildPhases = (
				804DC09C1EB33745005141D8 /* Sources */,
				804DC09D1EB33745005141D8 /* Frameworks */,
				804DC09E1EB33745005141D8 /* Resources */,
			);
			buildRules = (
			);
			dependencies = (
			);
			name = PokePixel;
			productName = PokePixel;
			productReference = 804DC0A01EB33745005141D8 /* PokePixel.app */;
			productType = "com.apple.product-type.application";
		};
		804DC0B31EB33745005141D8 /* PokePixelTests */ = {
			isa = PBXNativeTarget;
			buildConfigurationList = 804DC0CB1EB33745005141D8 /* Build configuration list for PBXNativeTarget "PokePixelTests" */;
			buildPhases = (
				804DC0B01EB33745005141D8 /* Sources */,
				804DC0B11EB33745005141D8 /* Frameworks */,
				804DC0B21EB33745005141D8 /* Resources */,
			);
			buildRules = (
			);
			dependencies = (
				804DC0B61EB33745005141D8 /* PBXTargetDependency */,
			);
			name = PokePixelTests;
			productName = PokePixelTests;
			productReference = 804DC0B41EB33745005141D8 /* PokePixelTests.xctest */;
			productType = "com.apple.product-type.bundle.unit-test";
		};
		804DC0BE1EB33745005141D8 /* PokePixelUITests */ = {
			isa = PBXNativeTarget;
			buildConfigurationList = 804DC0CE1EB33745005141D8 /* Build configuration list for PBXNativeTarget "PokePixelUITests" */;
			buildPhases = (
				804DC0BB1EB33745005141D8 /* Sources */,
				804DC0BC1EB33745005141D8 /* Frameworks */,
				804DC0BD1EB33745005141D8 /* Resources */,
			);
			buildRules = (
			);
			dependencies = (
				804DC0C11EB33745005141D8 /* PBXTargetDependency */,
			);
			name = PokePixelUITests;
			productName = PokePixelUITests;
			productReference = 804DC0BF1EB33745005141D8 /* PokePixelUITests.xctest */;
			productType = "com.apple.product-type.bundle.ui-testing";
		};
/* End PBXNativeTarget section */

/* Begin PBXProject section */
		804DC0981EB33745005141D8 /* Project object */ = {
			isa = PBXProject;
			attributes = {
				LastSwiftUpdateCheck = 0830;
				LastUpgradeCheck = 0830;
				ORGANIZATIONNAME = juicemeart;
				TargetAttributes = {
					804DC09F1EB33745005141D8 = {
						CreatedOnToolsVersion = 8.3.1;
						ProvisioningStyle = Automatic;
					};
					804DC0B31EB33745005141D8 = {
						CreatedOnToolsVersion = 8.3.1;
						ProvisioningStyle = Automatic;
						TestTargetID = 804DC09F1EB33745005141D8;
					};
					804DC0BE1EB33745005141D8 = {
						CreatedOnToolsVersion = 8.3.1;
						ProvisioningStyle = Automatic;
						TestTargetID = 804DC09F1EB33745005141D8;
					};
				};
			};
			buildConfigurationList = 804DC09B1EB33745005141D8 /* Build configuration list for PBXProject "PokePixel" */;
			compatibilityVersion = "Xcode 3.2";
			developmentRegion = English;
			hasScannedForEncodings = 0;
			knownRegions = (
				en,
				Base,
			);
			mainGroup = 804DC0971EB33745005141D8;
			productRefGroup = 804DC0A11EB33745005141D8 /* Products */;
			projectDirPath = "";
			projectRoot = "";
			targets = (
				804DC09F1EB33745005141D8 /* PokePixel */,
				804DC0B31EB33745005141D8 /* PokePixelTests */,
				804DC0BE1EB33745005141D8 /* PokePixelUITests */,
			);
		};
/* End PBXProject section */

/* Begin PBXResourcesBuildPhase section */
		804DC09E1EB33745005141D8 /* Resources */ = {
			isa = PBXResourcesBuildPhase;
			buildActionMask = 2147483647;
			files = (
				804DC0AE1EB33745005141D8 /* LaunchScreen.storyboard in Resources */,
				804DC0AB1EB33745005141D8 /* Assets.xcassets in Resources */,
				804DC0A91EB33745005141D8 /* Main.storyboard in Resources */,
			);
			runOnlyForDeploymentPostprocessing = 0;
		};
		804DC0B21EB33745005141D8 /* Resources */ = {
			isa = PBXResourcesBuildPhase;
			buildActionMask = 2147483647;
			files = (
			);
			runOnlyForDeploymentPostprocessing = 0;
		};
		804DC0BD1EB33745005141D8 /* Resources */ = {
			isa = PBXResourcesBuildPhase;
			buildActionMask = 2147483647;
			files = (
			);
			runOnlyForDeploymentPostprocessing = 0;
		};
/* End PBXResourcesBuildPhase section */

/* Begin PBXSourcesBuildPhase section */
		804DC09C1EB33745005141D8 /* Sources */ = {
			isa = PBXSourcesBuildPhase;
			buildActionMask = 2147483647;
			files = (
				804DC0A61EB33745005141D8 /* ViewController.swift in Sources */,
				804DC0A41EB33745005141D8 /* AppDelegate.swift in Sources */,
			);
			runOnlyForDeploymentPostprocessing = 0;
		};
		804DC0B01EB33745005141D8 /* Sources */ = {
			isa = PBXSourcesBuildPhase;
			buildActionMask = 2147483647;
			files = (
				804DC0B91EB33745005141D8 /* PokePixelTests.swift in Sources */,
			);
			runOnlyForDeploymentPostprocessing = 0;
		};
		804DC0BB1EB33745005141D8 /* Sources */ = {
			isa = PBXSourcesBuildPhase;
			buildActionMask = 2147483647;
			files = (
				804DC0C41EB33745005141D8 /* PokePixelUITests.swift in Sources */,
			);
			runOnlyForDeploymentPostprocessing = 0;
		};
/* End PBXSourcesBuildPhase section */

/* Begin PBXTargetDependency section */
		804DC0B61EB33745005141D8 /* PBXTargetDependency */ = {
			isa = PBXTargetDependency;
			target = 804DC09F1EB33745005141D8 /* PokePixel */;
			targetProxy = 804DC0B51EB33745005141D8 /* PBXContainerItemProxy */;
		};
		804DC0C11EB33745005141D8 /* PBXTargetDependency */ = {
			isa = PBXTargetDependency;
			target = 804DC09F1EB33745005141D8 /* PokePixel */;
			targetProxy = 804DC0C01EB33745005141D8 /* PBXContainerItemProxy */;
		};
/* End PBXTargetDependency section */

/* Begin PBXVariantGroup section */
		804DC0A71EB33745005141D8 /* Main.storyboard */ = {
			isa = PBXVariantGroup;
			children = (
				804DC0A81EB33745005141D8 /* Base */,
			);
			name = Main.storyboard;
			sourceTree = "<group>";
		};
		804DC0AC1EB33745005141D8 /* LaunchScreen.storyboard */ = {
			isa = PBXVariantGroup;
			children = (
				804DC0AD1EB33745005141D8 /* Base */,
			);
			name = LaunchScreen.storyboard;
			sourceTree = "<group>";
		};
/* End PBXVariantGroup section */

/* Begin XCBuildConfiguration section */
		804DC0C61EB33745005141D8 /* Debug */ = {
			isa = XCBuildConfiguration;
			buildSettings = {
				ALWAYS_SEARCH_USER_PATHS = NO;
				CLANG_ANALYZER_NONNULL = YES;
				CLANG_ANALYZER_NUMBER_OBJECT_CONVERSION = YES_AGGRESSIVE;
				CLANG_CXX_LANGUAGE_STANDARD = "gnu++0x";
				CLANG_CXX_LIBRARY = "libc++";
				CLANG_ENABLE_MODULES = YES;
				CLANG_ENABLE_OBJC_ARC = YES;
				CLANG_WARN_BOOL_CONVERSION = YES;
				CLANG_WARN_CONSTANT_CONVERSION = YES;
				CLANG_WARN_DIRECT_OBJC_ISA_USAGE = YES_ERROR;
				CLANG_WARN_DOCUMENTATION_COMMENTS = YES;
				CLANG_WARN_EMPTY_BODY = YES;
				CLANG_WARN_ENUM_CONVERSION = YES;
				CLANG_WARN_INFINITE_RECURSION = YES;
				CLANG_WARN_INT_CONVERSION = YES;
				CLANG_WARN_OBJC_ROOT_CLASS = YES_ERROR;
				CLANG_WARN_SUSPICIOUS_MOVE = YES;
				CLANG_WARN_UNREACHABLE_CODE = YES;
				CLANG_WARN__DUPLICATE_METHOD_MATCH = YES;
				"CODE_SIGN_IDENTITY[sdk=iphoneos*]" = "iPhone Developer";
				COPY_PHASE_STRIP = NO;
				DEBUG_INFORMATION_FORMAT = dwarf;
				ENABLE_STRICT_OBJC_MSGSEND = YES;
				ENABLE_TESTABILITY = YES;
				GCC_C_LANGUAGE_STANDARD = gnu99;
				GCC_DYNAMIC_NO_PIC = NO;
				GCC_NO_COMMON_BLOCKS = YES;
				GCC_OPTIMIZATION_LEVEL = 0;
				GCC_PREPROCESSOR_DEFINITIONS = (
					"DEBUG=1",
					"$(inherited)",
				);
				GCC_WARN_64_TO_32_BIT_CONVERSION = YES;
				GCC_WARN_ABOUT_RETURN_TYPE = YES_ERROR;
				GCC_WARN_UNDECLARED_SELECTOR = YES;
				GCC_WARN_UNINITIALIZED_AUTOS = YES_AGGRESSIVE;
				GCC_WARN_UNUSED_FUNCTION = YES;
				GCC_WARN_UNUSED_VARIABLE = YES;
				IPHONEOS_DEPLOYMENT_TARGET = 10.3;
				MTL_ENABLE_DEBUG_INFO = YES;
				ONLY_ACTIVE_ARCH = YES;
				SDKROOT = iphoneos;
				SWIFT_ACTIVE_COMPILATION_CONDITIONS = DEBUG;
				SWIFT_OPTIMIZATION_LEVEL = "-Onone";
			};
			name = Debug;
		};
		804DC0C71EB33745005141D8 /* Release */ = {
			isa = XCBuildConfiguration;
			buildSettings = {
				ALWAYS_SEARCH_USER_PATHS = NO;
				CLANG_ANALYZER_NONNULL = YES;
				CLANG_ANALYZER_NUMBER_OBJECT_CONVERSION = YES_AGGRESSIVE;
				CLANG_CXX_LANGUAGE_STANDARD = "gnu++0x";
				CLANG_CXX_LIBRARY = "libc++";
				CLANG_ENABLE_MODULES = YES;
				CLANG_ENABLE_OBJC_ARC = YES;
				CLANG_WARN_BOOL_CONVERSION = YES;
				CLANG_WARN_CONSTANT_CONVERSION = YES;
				CLANG_WARN_DIRECT_OBJC_ISA_USAGE = YES_ERROR;
				CLANG_WARN_DOCUMENTATION_COMMENTS = YES;
				CLANG_WARN_EMPTY_BODY = YES;
				CLANG_WARN_ENUM_CONVERSION = YES;
				CLANG_WARN_INFINITE_RECURSION = YES;
				CLANG_WARN_INT_CONVERSION = YES;
				CLANG_WARN_OBJC_ROOT_CLASS = YES_ERROR;
				CLANG_WARN_SUSPICIOUS_MOVE = YES;
				CLANG_WARN_UNREACHABLE_CODE = YES;
				CLANG_WARN__DUPLICATE_METHOD_MATCH = YES;
				"CODE_SIGN_IDENTITY[sdk=iphoneos*]" = "iPhone Developer";
				COPY_PHASE_STRIP = NO;
				DEBUG_INFORMATION_FORMAT = "dwarf-with-dsym";
				ENABLE_NS_ASSERTIONS = NO;
				ENABLE_STRICT_OBJC_MSGSEND = YES;
				GCC_C_LANGUAGE_STANDARD = gnu99;
				GCC_NO_COMMON_BLOCKS = YES;
				GCC_WARN_64_TO_32_BIT_CONVERSION = YES;
				GCC_WARN_ABOUT_RETURN_TYPE = YES_ERROR;
				GCC_WARN_UNDECLARED_SELECTOR = YES;
				GCC_WARN_UNINITIALIZED_AUTOS = YES_AGGRESSIVE;
				GCC_WARN_UNUSED_FUNCTION = YES;
				GCC_WARN_UNUSED_VARIABLE = YES;
				IPHONEOS_DEPLOYMENT_TARGET = 10.3;
				MTL_ENABLE_DEBUG_INFO = NO;
				SDKROOT = iphoneos;
				SWIFT_OPTIMIZATION_LEVEL = "-Owholemodule";
				VALIDATE_PRODUCT = YES;
			};
			name = Release;
		};
		804DC0C91EB33745005141D8 /* Debug */ = {
			isa = XCBuildConfiguration;
			buildSettings = {
				ASSETCATALOG_COMPILER_APPICON_NAME = AppIcon;
				INFOPLIST_FILE = PokePixel/Info.plist;
				LD_RUNPATH_SEARCH_PATHS = "$(inherited) @executable_path/Frameworks";
				PRODUCT_BUNDLE_IDENTIFIER = com.Jascc.PokePixel;
				PRODUCT_NAME = "$(TARGET_NAME)";
				SWIFT_VERSION = 3.0;
			};
			name = Debug;
		};
		804DC0CA1EB33745005141D8 /* Release */ = {
			isa = XCBuildConfiguration;
			buildSettings = {
				ASSETCATALOG_COMPILER_APPICON_NAME = AppIcon;
				INFOPLIST_FILE = PokePixel/Info.plist;
				LD_RUNPATH_SEARCH_PATHS = "$(inherited) @executable_path/Frameworks";
				PRODUCT_BUNDLE_IDENTIFIER = com.Jascc.PokePixel;
				PRODUCT_NAME = "$(TARGET_NAME)";
				SWIFT_VERSION = 3.0;
			};
			name = Release;
		};
		804DC0CC1EB33745005141D8 /* Debug */ = {
			isa = XCBuildConfiguration;
			buildSettings = {
				ALWAYS_EMBED_SWIFT_STANDARD_LIBRARIES = YES;
				BUNDLE_LOADER = "$(TEST_HOST)";
				INFOPLIST_FILE = PokePixelTests/Info.plist;
				LD_RUNPATH_SEARCH_PATHS = "$(inherited) @executable_path/Frameworks @loader_path/Frameworks";
				PRODUCT_BUNDLE_IDENTIFIER = com.Jascc.PokePixelTests;
				PRODUCT_NAME = "$(TARGET_NAME)";
				SWIFT_VERSION = 3.0;
				TEST_HOST = "$(BUILT_PRODUCTS_DIR)/PokePixel.app/PokePixel";
			};
			name = Debug;
		};
		804DC0CD1EB33745005141D8 /* Release */ = {
			isa = XCBuildConfiguration;
			buildSettings = {
				ALWAYS_EMBED_SWIFT_STANDARD_LIBRARIES = YES;
				BUNDLE_LOADER = "$(TEST_HOST)";
				INFOPLIST_FILE = PokePixelTests/Info.plist;
				LD_RUNPATH_SEARCH_PATHS = "$(inherited) @executable_path/Frameworks @loader_path/Frameworks";
				PRODUCT_BUNDLE_IDENTIFIER = com.Jascc.PokePixelTests;
				PRODUCT_NAME = "$(TARGET_NAME)";
				SWIFT_VERSION = 3.0;
				TEST_HOST = "$(BUILT_PRODUCTS_DIR)/PokePixel.app/PokePixel";
			};
			name = Release;
		};
		804DC0CF1EB33745005141D8 /* Debug */ = {
			isa = XCBuildConfiguration;
			buildSettings = {
				ALWAYS_EMBED_SWIFT_STANDARD_LIBRARIES = YES;
				INFOPLIST_FILE = PokePixelUITests/Info.plist;
				LD_RUNPATH_SEARCH_PATHS = "$(inherited) @executable_path/Frameworks @loader_path/Frameworks";
				PRODUCT_BUNDLE_IDENTIFIER = com.Jascc.PokePixelUITests;
				PRODUCT_NAME = "$(TARGET_NAME)";
				SWIFT_VERSION = 3.0;
				TEST_TARGET_NAME = PokePixel;
			};
			name = Debug;
		};
		804DC0D01EB33745005141D8 /* Release */ = {
			isa = XCBuildConfiguration;
			buildSettings = {
				ALWAYS_EMBED_SWIFT_STANDARD_LIBRARIES = YES;
				INFOPLIST_FILE = PokePixelUITests/Info.plist;
				LD_RUNPATH_SEARCH_PATHS = "$(inherited) @executable_path/Frameworks @loader_path/Frameworks";
				PRODUCT_BUNDLE_IDENTIFIER = com.Jascc.PokePixelUITests;
				PRODUCT_NAME = "$(TARGET_NAME)";
				SWIFT_VERSION = 3.0;
				TEST_TARGET_NAME = PokePixel;
			};
			name = Release;
		};
/* End XCBuildConfiguration section */

/* Begin XCConfigurationList section */
		804DC09B1EB33745005141D8 /* Build configuration list for PBXProject "PokePixel" */ = {
			isa = XCConfigurationList;
			buildConfigurations = (
				804DC0C61EB33745005141D8 /* Debug */,
				804DC0C71EB33745005141D8 /* Release */,
			);
			defaultConfigurationIsVisible = 0;
			defaultConfigurationName = Release;
		};
		804DC0C81EB33745005141D8 /* Build configuration list for PBXNativeTarget "PokePixel" */ = {
			isa = XCConfigurationList;
			buildConfigurations = (
				804DC0C91EB33745005141D8 /* Debug */,
				804DC0CA1EB33745005141D8 /* Release */,
			);
			defaultConfigurationIsVisible = 0;
		};
		804DC0CB1EB33745005141D8 /* Build configuration list for PBXNativeTarget "PokePixelTests" */ = {
			isa = XCConfigurationList;
			buildConfigurations = (
				804DC0CC1EB33745005141D8 /* Debug */,
				804DC0CD1EB33745005141D8 /* Release */,
			);
			defaultConfigurationIsVisible = 0;
		};
		804DC0CE1EB33745005141D8 /* Build configuration list for PBXNativeTarget "PokePixelUITests" */ = {
			isa = XCConfigurationList;
			buildConfigurations = (
				804DC0CF1EB33745005141D8 /* Debug */,
				804DC0D01EB33745005141D8 /* Release */,
			);
			defaultConfigurationIsVisible = 0;
		};
/* End XCConfigurationList section */
	};
	rootObject = 804DC0981EB33745005141D8 /* Project object */;
}
